
Microsoft Visual Studio Solution File, Format Version 12.00
# Visual Studio Version 16
VisualStudioVersion = 16.0.30804.86
MinimumVisualStudioVersion = 10.0.40219.1
Project("{FAE04EC0-301F-11D3-BF4B-00C04F79EFBC}") = "Kraftvaerk-shop-server", "Kraftvaerk-shop-server\Kraftvaerk-shop-server.csproj", "{394598A2-1B1E-4CC8-9346-36FA5E220890}"
EndProject
Global
	GlobalSection(SolutionConfigurationPlatforms) = preSolution
		Debug|Any CPU = Debug|Any CPU
		Release|Any CPU = Release|Any CPU
	EndGlobalSection
	GlobalSection(ProjectConfigurationPlatforms) = postSolution
		{394598A2-1B1E-4CC8-9346-36FA5E220890}.Debug|Any CPU.ActiveCfg = Debug|Any CPU
		{394598A2-1B1E-4CC8-9346-36FA5E220890}.Debug|Any CPU.Build.0 = Debug|Any CPU
		{394598A2-1B1E-4CC8-9346-36FA5E220890}.Release|Any CPU.ActiveCfg = Release|Any CPU
		{394598A2-1B1E-4CC8-9346-36FA5E220890}.Release|Any CPU.Build.0 = Release|Any CPU
	EndGlobalSection
	GlobalSection(SolutionProperties) = preSolution
		HideSolutionNode = FALSE
	EndGlobalSection
	GlobalSection(ExtensibilityGlobals) = postSolution
		SolutionGuid = {1474A929-1336-4A3F-8104-BE824F9997A2}
	EndGlobalSection
EndGlobal
